
Microsoft Visual Studio Solution File, Format Version 11.00
# Visual Studio 2010
Project("{FAE04EC0-301F-11D3-BF4B-00C04F79EFBC}") = "Assembly-CSharp", "Assembly-CSharp.csproj", "{8c1f4dc8-8759-1f91-9d06-e35a613333c3}"
EndProject
Project("{FAE04EC0-301F-11D3-BF4B-00C04F79EFBC}") = "Assembly-CSharp-Editor", "Assembly-CSharp-Editor.csproj", "{03be53a2-487c-8935-b180-a7ba72773e95}"
EndProject
Global
	GlobalSection(SolutionConfigurationPlatforms) = preSolution
		Debug|Any CPU = Debug|Any CPU
	EndGlobalSection
	GlobalSection(ProjectConfigurationPlatforms) = postSolution
		{8c1f4dc8-8759-1f91-9d06-e35a613333c3}.Debug|Any CPU.ActiveCfg = Debug|Any CPU
		{8c1f4dc8-8759-1f91-9d06-e35a613333c3}.Debug|Any CPU.Build.0 = Debug|Any CPU
		{03be53a2-487c-8935-b180-a7ba72773e95}.Debug|Any CPU.ActiveCfg = Debug|Any CPU
		{03be53a2-487c-8935-b180-a7ba72773e95}.Debug|Any CPU.Build.0 = Debug|Any CPU
	EndGlobalSection
	GlobalSection(SolutionProperties) = preSolution
		HideSolutionNode = FALSE
	EndGlobalSection
EndGlobal
